Microsoft Visual Studio Solution File, Format Version 8.00
Project("{8BC9CEB8-8B4A-11D0-8D11-00A0C91BC942}") = "JAIKUSETTINGS", "\Symbian\7.0s\Series60_v21\Epoc32\BUILD\SOFTWARE\SRC\CONTEXT_LOG\group\jaikusettings\WINS\jaikusettings.VCPROJ", "{55F05F3E-DFFD-4AC2-A23E-0005E70E7755}"
	ProjectSection(ProjectDependencies) = postProject
		{82666103-A0F8-47B7-AF33-793C2D41425B} = {82666103-A0F8-47B7-AF33-793C2D41425B}
		{A3FB3E2A-ED48-492E-9F7F-2BEFB18D80CA} = {A3FB3E2A-ED48-492E-9F7F-2BEFB18D80CA}
		{786B1D66-372A-4ABE-AC82-FB562CE86EF1} = {786B1D66-372A-4ABE-AC82-FB562CE86EF1}
		{8C219B68-7093-42BB-8ABC-6B304512E516} = {8C219B68-7093-42BB-8ABC-6B304512E516}
		{5999456F-CC85-4BC6-A5DD-DD13DC5291A5} = {5999456F-CC85-4BC6-A5DD-DD13DC5291A5}
		{82FD0E97-56BC-4167-9E6D-5A75FFF41765} = {82FD0E97-56BC-4167-9E6D-5A75FFF41765}
	EndProjectSection
EndProject
Project("{8BC9CEB8-8B4A-11D0-8D11-00A0C91BC942}") = "CONTEXTNETWORK", "\Symbian\7.0s\Series60_v21\Epoc32\BUILD\SOFTWARE\SRC\CONTEXTNETWORK\GV2\CONTEXTNETWORK\WINS\CONTEXTNETWORK.VCPROJ", "{015142CF-094E-41B9-9233-AC392F0F9860}"
	ProjectSection(ProjectDependencies) = postProject
		{0E2591FB-0357-40AF-B13A-54847A49DCAD} = {0E2591FB-0357-40AF-B13A-54847A49DCAD}
		{D978CCFB-D3A7-4AE3-A702-E8E262870B3E} = {D978CCFB-D3A7-4AE3-A702-E8E262870B3E}
	EndProjectSection
EndProject
Project("{8BC9CEB8-8B4A-11D0-8D11-00A0C91BC942}") = "CONTEXTMEDIAUI", "\Symbian\7.0s\Series60_v21\Epoc32\BUILD\SOFTWARE\SRC\CONTEXTMEDIAUI\GV2\CONTEXTMEDIAUI\WINS\CONTEXTMEDIAUI.VCPROJ", "{82FD0E97-56BC-4167-9E6D-5A75FFF41765}"
	ProjectSection(ProjectDependencies) = postProject
		{624CBEAF-6EF8-4B0F-85AD-01284ABC9583} = {624CBEAF-6EF8-4B0F-85AD-01284ABC9583}
		{DF6B8ABD-60D7-4EA1-877D-E486FF52C628} = {DF6B8ABD-60D7-4EA1-877D-E486FF52C628}
	EndProjectSection
EndProject
Project("{8BC9CEB8-8B4A-11D0-8D11-00A0C91BC942}") = "CONTEXTMEDIA", "\Symbian\7.0s\Series60_v21\Epoc32\BUILD\SOFTWARE\SRC\CONTEXTMEDIA\GV2\CONTEXTMEDIA\WINS\CONTEXTMEDIA.VCPROJ", "{624CBEAF-6EF8-4B0F-85AD-01284ABC9583}"
	ProjectSection(ProjectDependencies) = postProject
		{0F69F41E-0973-46FB-B564-F6B9A6003089} = {0F69F41E-0973-46FB-B564-F6B9A6003089}
		{015142CF-094E-41B9-9233-AC392F0F9860} = {015142CF-094E-41B9-9233-AC392F0F9860}
	EndProjectSection
EndProject
Project("{8BC9CEB8-8B4A-11D0-8D11-00A0C91BC942}") = "CONTEXTMEDIADATA", "\Symbian\7.0s\Series60_v21\Epoc32\BUILD\SOFTWARE\SRC\CONTEXTMEDIA\GV2\CONTEXTMEDIADATA\WINS\CONTEXTMEDIADATA.VCPROJ", "{D978CCFB-D3A7-4AE3-A702-E8E262870B3E}"
	ProjectSection(ProjectDependencies) = postProject
		{000C0C0C-AA20-477E-8484-AD987E0AAB1A} = {000C0C0C-AA20-477E-8484-AD987E0AAB1A}
	EndProjectSection
EndProject
Project("{8BC9CEB8-8B4A-11D0-8D11-00A0C91BC942}") = "BLACKBOARDDATA", "\Symbian\7.0s\Series60_v21\Epoc32\BUILD\SOFTWARE\SRC\BLACKBOARD\GV2\BLACKBOARDDATA\WINS\BLACKBOARDDATA.VCPROJ", "{628D9393-7590-41DA-9429-1C381D3C6116}"
	ProjectSection(ProjectDependencies) = postProject
		{B0CF7A4F-F3DB-4D38-AE0C-0EA8FAF5C25C} = {B0CF7A4F-F3DB-4D38-AE0C-0EA8FAF5C25C}
	EndProjectSection
EndProject
Project("{8BC9CEB8-8B4A-11D0-8D11-00A0C91BC942}") = "BLACKBOARDFACTORY", "\Symbian\7.0s\Series60_v21\Epoc32\BUILD\SOFTWARE\SRC\BLACKBOARD\GV2\BLACKBOARDFACTORY\WINS\BLACKBOARDFACTORY.VCPROJ", "{5999456F-CC85-4BC6-A5DD-DD13DC5291A5}"
	ProjectSection(ProjectDependencies) = postProject
		{628D9393-7590-41DA-9429-1C381D3C6116} = {628D9393-7590-41DA-9429-1C381D3C6116}
	EndProjectSection
EndProject
Project("{8BC9CEB8-8B4A-11D0-8D11-00A0C91BC942}") = "BLACKBOARDCLIENT", "\Symbian\7.0s\Series60_v21\Epoc32\BUILD\SOFTWARE\SRC\BLACKBOARDCLIENT\GV2\BLACKBOARDCLIENT\WINS\BLACKBOARDCLIENT.VCPROJ", "{000C0C0C-AA20-477E-8484-AD987E0AAB1A}"
	ProjectSection(ProjectDependencies) = postProject
		{74876B46-F85C-446F-8A07-961D043BF868} = {74876B46-F85C-446F-8A07-961D043BF868}
	EndProjectSection
EndProject
Project("{8BC9CEB8-8B4A-11D0-8D11-00A0C91BC942}") = "BLACKBOARDSERVER", "\Symbian\7.0s\Series60_v21\Epoc32\BUILD\SOFTWARE\SRC\BLACKBOARDSERVER\GV2\BLACKBOARDSERVER\WINS\BLACKBOARDSERVER.VCPROJ", "{74876B46-F85C-446F-8A07-961D043BF868}"
	ProjectSection(ProjectDependencies) = postProject
		{E9315821-0CA3-4552-9C60-D61197CCB316} = {E9315821-0CA3-4552-9C60-D61197CCB316}
	EndProjectSection
EndProject
Project("{8BC9CEB8-8B4A-11D0-8D11-00A0C91BC942}") = "CONTEXTFLICKR", "\Symbian\7.0s\Series60_v21\Epoc32\BUILD\SOFTWARE\SRC\CONTEXT_LOG\GV2\CONTEXTFLICKR\WINS\CONTEXTFLICKR.VCPROJ", "{C0888F84-3CF6-4203-AAD0-6E6AD8C42AA6}"
	ProjectSection(ProjectDependencies) = postProject
	EndProjectSection
	ProjectSection(ProjectDependencies) = postProject
	EndProjectSection
	ProjectSection(ProjectDependencies) = postProject
	EndProjectSection
	ProjectSection(ProjectDependencies) = postProject
	EndProjectSection
	ProjectSection(ProjectDependencies) = postProject
		{82FD0E97-56BC-4167-9E6D-5A75FFF41765} = {82FD0E97-56BC-4167-9E6D-5A75FFF41765}
	EndProjectSection
EndProject
Project("{8BC9CEB8-8B4A-11D0-8D11-00A0C91BC942}") = "CONTEXTCLIENT", "\Symbian\7.0s\Series60_v21\Epoc32\BUILD\SOFTWARE\SRC\CONTEXTCLIENT\GV2\CONTEXTCLIENT\WINS\CONTEXTCLIENT.VCPROJ", "{82666103-A0F8-47B7-AF33-793C2D41425B}"
	ProjectSection(ProjectDependencies) = postProject
		{9472955E-0E6B-47BA-9A93-5A1E6BC005A9} = {9472955E-0E6B-47BA-9A93-5A1E6BC005A9}
	EndProjectSection
EndProject
Project("{8BC9CEB8-8B4A-11D0-8D11-00A0C91BC942}") = "CONTEXTCOMMON", "\Symbian\7.0s\Series60_v21\Epoc32\BUILD\SOFTWARE\SRC\CONTEXTCOMMON\GV2\CONTEXTCOMMON\WINS\CONTEXTCOMMON.VCPROJ", "{B0CF7A4F-F3DB-4D38-AE0C-0EA8FAF5C25C}"
	ProjectSection(ProjectDependencies) = postProject
		{2FA826DB-76B8-4132-B2C0-BCBEFCD9D94C} = {2FA826DB-76B8-4132-B2C0-BCBEFCD9D94C}
	EndProjectSection
EndProject
Project("{8BC9CEB8-8B4A-11D0-8D11-00A0C91BC942}") = "CONTEXTCOMMON2", "\Symbian\7.0s\Series60_v21\Epoc32\BUILD\SOFTWARE\SRC\CONTEXTCOMMON2\GV2\CONTEXTCOMMON2\WINS\CONTEXTCOMMON2.VCPROJ", "{E5EA1F96-7B63-4C1A-91A3-87CC9AD01354}"
	ProjectSection(ProjectDependencies) = postProject
		{000C0C0C-AA20-477E-8484-AD987E0AAB1A} = {000C0C0C-AA20-477E-8484-AD987E0AAB1A}
	EndProjectSection
EndProject
Project("{8BC9CEB8-8B4A-11D0-8D11-00A0C91BC942}") = "CONTEXTCONTACTS", "\Symbian\7.0s\Series60_v21\Epoc32\BUILD\SOFTWARE\SRC\CONTEXTCONTACTS\GV2\CONTEXTCONTACTS\WINS\CONTEXTCONTACTS.VCPROJ", "{0266B399-A36F-450D-B916-B9C534DFEBF8}"
	ProjectSection(ProjectDependencies) = postProject
		{82666103-A0F8-47B7-AF33-793C2D41425B} = {82666103-A0F8-47B7-AF33-793C2D41425B}
		{A3FB3E2A-ED48-492E-9F7F-2BEFB18D80CA} = {A3FB3E2A-ED48-492E-9F7F-2BEFB18D80CA}
	EndProjectSection
EndProject
Project("{8BC9CEB8-8B4A-11D0-8D11-00A0C91BC942}") = "CONTEXTMEDIAFACTORY", "\Symbian\7.0s\Series60_v21\Epoc32\BUILD\SOFTWARE\SRC\CONTEXTMEDIA\GV2\CONTEXTMEDIAFACTORY\WINS\CONTEXTMEDIAFACTORY.VCPROJ", "{8C219B68-7093-42BB-8ABC-6B304512E516}"
	ProjectSection(ProjectDependencies) = postProject
		{624CBEAF-6EF8-4B0F-85AD-01284ABC9583} = {624CBEAF-6EF8-4B0F-85AD-01284ABC9583}
	EndProjectSection
EndProject
Project("{8BC9CEB8-8B4A-11D0-8D11-00A0C91BC942}") = "CONTEXTNOTIFY", "\Symbian\7.0s\Series60_v21\Epoc32\BUILD\SOFTWARE\SRC\CONTEXTNOTIFY\GV2\CONTEXTNOTIFY\WINS\CONTEXTNOTIFY.VCPROJ", "{A742FD73-1226-41E5-AFED-D7BFF832273A}"
	ProjectSection(ProjectDependencies) = postProject
		{B0CF7A4F-F3DB-4D38-AE0C-0EA8FAF5C25C} = {B0CF7A4F-F3DB-4D38-AE0C-0EA8FAF5C25C}
	EndProjectSection
EndProject
Project("{8BC9CEB8-8B4A-11D0-8D11-00A0C91BC942}") = "CONTEXTNOTIFYCLIENT", "\Symbian\7.0s\Series60_v21\Epoc32\BUILD\SOFTWARE\SRC\CONTEXTNOTIFYCLIENT\GV2\CONTEXTNOTIFYCLIENT\WINS\CONTEXTNOTIFYCLIENT.VCPROJ", "{0E2591FB-0357-40AF-B13A-54847A49DCAD}"
	ProjectSection(ProjectDependencies) = postProject
		{A742FD73-1226-41E5-AFED-D7BFF832273A} = {A742FD73-1226-41E5-AFED-D7BFF832273A}
	EndProjectSection
EndProject
Project("{8BC9CEB8-8B4A-11D0-8D11-00A0C91BC942}") = "CONTEXTSENSORDATA", "\Symbian\7.0s\Series60_v21\Epoc32\BUILD\SOFTWARE\SRC\CONTEXTSENSORS\GV2\CONTEXTSENSORDATA\WINS\CONTEXTSENSORDATA.VCPROJ", "{E9315821-0CA3-4552-9C60-D61197CCB316}"
	ProjectSection(ProjectDependencies) = postProject
		{628D9393-7590-41DA-9429-1C381D3C6116} = {628D9393-7590-41DA-9429-1C381D3C6116}
	EndProjectSection
EndProject
Project("{8BC9CEB8-8B4A-11D0-8D11-00A0C91BC942}") = "CONTEXTSENSORFACTORY", "\Symbian\7.0s\Series60_v21\Epoc32\BUILD\SOFTWARE\SRC\CONTEXTSENSORS\GV2\CONTEXTSENSORFACTORY\WINS\CONTEXTSENSORFACTORY.VCPROJ", "{2444AB8B-D712-4156-A95B-6B7F371D372E}"
	ProjectSection(ProjectDependencies) = postProject
		{E9315821-0CA3-4552-9C60-D61197CCB316} = {E9315821-0CA3-4552-9C60-D61197CCB316}
	EndProjectSection
EndProject
Project("{8BC9CEB8-8B4A-11D0-8D11-00A0C91BC942}") = "CONTEXTSENSORS", "\Symbian\7.0s\Series60_v21\Epoc32\BUILD\SOFTWARE\SRC\CONTEXTSENSORS\GV2\CONTEXTSENSORS\WINS\CONTEXTSENSORS.VCPROJ", "{DF6B8ABD-60D7-4EA1-877D-E486FF52C628}"
	ProjectSection(ProjectDependencies) = postProject
		{E5EA1F96-7B63-4C1A-91A3-87CC9AD01354} = {E5EA1F96-7B63-4C1A-91A3-87CC9AD01354}
		{015142CF-094E-41B9-9233-AC392F0F9860} = {015142CF-094E-41B9-9233-AC392F0F9860}
	EndProjectSection
EndProject
Project("{8BC9CEB8-8B4A-11D0-8D11-00A0C91BC942}") = "CONTEXTSERVER", "\Symbian\7.0s\Series60_v21\Epoc32\BUILD\SOFTWARE\SRC\CONTEXTSERVER\GV2\CONTEXTSERVER\WINS\CONTEXTSERVER.VCPROJ", "{9472955E-0E6B-47BA-9A93-5A1E6BC005A9}"
	ProjectSection(ProjectDependencies) = postProject
		{E5EA1F96-7B63-4C1A-91A3-87CC9AD01354} = {E5EA1F96-7B63-4C1A-91A3-87CC9AD01354}
		{015142CF-094E-41B9-9233-AC392F0F9860} = {015142CF-094E-41B9-9233-AC392F0F9860}
	EndProjectSection
EndProject
Project("{8BC9CEB8-8B4A-11D0-8D11-00A0C91BC942}") = "CONTEXTUI", "\Symbian\7.0s\Series60_v21\Epoc32\BUILD\SOFTWARE\SRC\CONTEXTUI\GV2\CONTEXTUI\WINS\CONTEXTUI.VCPROJ", "{0F69F41E-0973-46FB-B564-F6B9A6003089}"
	ProjectSection(ProjectDependencies) = postProject
		{E5EA1F96-7B63-4C1A-91A3-87CC9AD01354} = {E5EA1F96-7B63-4C1A-91A3-87CC9AD01354}
	EndProjectSection
EndProject
Project("{8BC9CEB8-8B4A-11D0-8D11-00A0C91BC942}") = "CONTEXTCONTACTSUI", "\Symbian\7.0s\Series60_v21\Epoc32\BUILD\SOFTWARE\SRC\CONTEXTCONTACTSUI\GV2\CONTEXTCONTACTSUI\WINS\CONTEXTCONTACTSUI.VCPROJ", "{A3FB3E2A-ED48-492E-9F7F-2BEFB18D80CA}"
	ProjectSection(ProjectDependencies) = postProject
		{0F69F41E-0973-46FB-B564-F6B9A6003089} = {0F69F41E-0973-46FB-B564-F6B9A6003089}
		{015142CF-094E-41B9-9233-AC392F0F9860} = {015142CF-094E-41B9-9233-AC392F0F9860}
	EndProjectSection
EndProject
Project("{8BC9CEB8-8B4A-11D0-8D11-00A0C91BC942}") = "CONTEXTEXPAT", "\Symbian\7.0s\Series60_v21\Epoc32\BUILD\SOFTWARE\SRC\EXPAT\SYMBIANV2\CONTEXTEXPAT\WINS\CONTEXTEXPAT.VCPROJ", "{2FA826DB-76B8-4132-B2C0-BCBEFCD9D94C}"
	ProjectSection(ProjectDependencies) = postProject
	EndProjectSection
EndProject
Project("{8BC9CEB8-8B4A-11D0-8D11-00A0C91BC942}") = "CONTEXTCOMMSENSORS", "\Symbian\7.0s\Series60_v21\Epoc32\BUILD\SOFTWARE\SRC\CONTEXTCOMMSENSORS\GROUP\CONTEXTCOMMSENSORS\WINS\CONTEXTCOMMSENSORS.VCPROJ", "{786B1D66-372A-4ABE-AC82-FB562CE86EF1}"
	ProjectSection(ProjectDependencies) = postProject
		{DF6B8ABD-60D7-4EA1-877D-E486FF52C628} = {DF6B8ABD-60D7-4EA1-877D-E486FF52C628}
	EndProjectSection
EndProject
Project("{8BC9CEB8-8B4A-11D0-8D11-00A0C91BC942}") = "CONTEXTPHONE", "..\..\..\symbian\7.0s\Series60_v21\Epoc32\BUILD\SOFTWARE\SRC\CONTEXTPYTHON\GROUP\CONTEXTPYTHON\WINS\CONTEXTPYTHON.VCPROJ", "{65E1CC9B-815B-47F4-9BF5-5B9BBD8671BB}"
	ProjectSection(ProjectDependencies) = postProject
	EndProjectSection
	ProjectSection(ProjectDependencies) = postProject
	EndProjectSection
	ProjectSection(ProjectDependencies) = postProject
	EndProjectSection
	ProjectSection(ProjectDependencies) = postProject
	EndProjectSection
	ProjectSection(ProjectDependencies) = postProject
		{DF6B8ABD-60D7-4EA1-877D-E486FF52C628} = {DF6B8ABD-60D7-4EA1-877D-E486FF52C628}
	EndProjectSection
EndProject
Project("{8BC9CEB8-8B4A-11D0-8D11-00A0C91BC942}") = "STARTER", "..\..\..\symbian\7.0s\Series60_v21\Epoc32\BUILD\SOFTWARE\SRC\STARTER\GV2\STARTER\WINS\STARTER.VCPROJ", "{F2535AA6-FD79-4CC9-9F6A-671631635AB8}"
	ProjectSection(ProjectDependencies) = postProject
		{B0CF7A4F-F3DB-4D38-AE0C-0EA8FAF5C25C} = {B0CF7A4F-F3DB-4D38-AE0C-0EA8FAF5C25C}
	EndProjectSection
EndProject
Project("{8BC9CEB8-8B4A-11D0-8D11-00A0C91BC942}") = "TASKLIST", "..\..\..\symbian\7.0s\Series60_v21\Epoc32\BUILD\SOFTWARE\SRC\TASKLIST\GROUP\TASKLIST\WINS\TASKLIST.VCPROJ", "{528C2C75-4F88-4DCB-9FB0-7B1D2E47AC19}"
	ProjectSection(ProjectDependencies) = postProject
	EndProjectSection
	ProjectSection(ProjectDependencies) = postProject
	EndProjectSection
	ProjectSection(ProjectDependencies) = postProject
	EndProjectSection
	ProjectSection(ProjectDependencies) = postProject
	EndProjectSection
	ProjectSection(ProjectDependencies) = postProject
	EndProjectSection
EndProject
Project("{8BC9CEB8-8B4A-11D0-8D11-00A0C91BC942}") = "LOWMEM", "..\..\..\symbian\7.0s\Series60_v21\Epoc32\BUILD\SOFTWARE\SRC\CONTEXT_LOG\LOWMEM\LOWMEM\WINS\LOWMEM.VCPROJ", "{173BD570-C24A-4D6A-B223-5D501B2004AD}"
	ProjectSection(ProjectDependencies) = postProject
	EndProjectSection
	ProjectSection(ProjectDependencies) = postProject
	EndProjectSection
	ProjectSection(ProjectDependencies) = postProject
	EndProjectSection
	ProjectSection(ProjectDependencies) = postProject
	EndProjectSection
	ProjectSection(ProjectDependencies) = postProject
		{55F05F3E-DFFD-4AC2-A23E-0005E70E7755} = {55F05F3E-DFFD-4AC2-A23E-0005E70E7755}
	EndProjectSection
EndProject
Project("{8BC9CEB8-8B4A-11D0-8D11-00A0C91BC942}") = "CONTEXTWELCOME", "\Symbian\7.0s\Series60_v21\Epoc32\BUILD\SOFTWARE\SRC\CONTEXTWELCOME\GROUP\CONTEXTWELCOME\WINS\CONTEXTWELCOME.VCPROJ", "{C28EAB92-A3F3-4482-A0CC-C6F9E4BF984C}"
	ProjectSection(ProjectDependencies) = postProject
		{A3FB3E2A-ED48-492E-9F7F-2BEFB18D80CA} = {A3FB3E2A-ED48-492E-9F7F-2BEFB18D80CA}
	EndProjectSection
EndProject
Project("{8BC9CEB8-8B4A-11D0-8D11-00A0C91BC942}") = "SYMBIANOSUNIT", "\Symbian\7.0s\Series60_v21\Epoc32\BUILD\SOFTWARE\SRC\UNITTESTS\GROUP\SYMBIANOSUNIT\WINS\SYMBIANOSUNIT.VCPROJ", "{E684F7A4-1C9A-4380-957C-2D53C46EFBE7}"
	ProjectSection(ProjectDependencies) = postProject
		{A3FB3E2A-ED48-492E-9F7F-2BEFB18D80CA} = {A3FB3E2A-ED48-492E-9F7F-2BEFB18D80CA}
	EndProjectSection
EndProject
Global
	GlobalSection(SolutionConfiguration) = preSolution
		Debug WINS = Debug WINS
		Release Armi = Release Armi
		Release Thumb = Release Thumb
		Release WINS = Release WINS
	EndGlobalSection
	GlobalSection(ProjectDependencies) = postSolution
	EndGlobalSection
	GlobalSection(ProjectConfiguration) = postSolution
		{55F05F3E-DFFD-4AC2-A23E-0005E70E7755}.Debug WINS.ActiveCfg = Debug WINS|Win32
		{55F05F3E-DFFD-4AC2-A23E-0005E70E7755}.Debug WINS.Build.0 = Debug WINS|Win32
		{55F05F3E-DFFD-4AC2-A23E-0005E70E7755}.Release Armi.ActiveCfg = Release Armi|Win32
		{55F05F3E-DFFD-4AC2-A23E-0005E70E7755}.Release Armi.Build.0 = Release Armi|Win32
		{55F05F3E-DFFD-4AC2-A23E-0005E70E7755}.Release Thumb.ActiveCfg = Release Thumb|Win32
		{55F05F3E-DFFD-4AC2-A23E-0005E70E7755}.Release Thumb.Build.0 = Release Thumb|Win32
		{55F05F3E-DFFD-4AC2-A23E-0005E70E7755}.Release WINS.ActiveCfg = Release WINS|Win32
		{55F05F3E-DFFD-4AC2-A23E-0005E70E7755}.Release WINS.Build.0 = Release WINS|Win32
		{015142CF-094E-41B9-9233-AC392F0F9860}.Debug WINS.ActiveCfg = Debug WINS|Win32
		{015142CF-094E-41B9-9233-AC392F0F9860}.Debug WINS.Build.0 = Debug WINS|Win32
		{015142CF-094E-41B9-9233-AC392F0F9860}.Release Armi.ActiveCfg = Release Armi|Win32
		{015142CF-094E-41B9-9233-AC392F0F9860}.Release Armi.Build.0 = Release Armi|Win32
		{015142CF-094E-41B9-9233-AC392F0F9860}.Release Thumb.ActiveCfg = Release Thumb|Win32
		{015142CF-094E-41B9-9233-AC392F0F9860}.Release Thumb.Build.0 = Release Thumb|Win32
		{015142CF-094E-41B9-9233-AC392F0F9860}.Release WINS.ActiveCfg = Release WINS|Win32
		{015142CF-094E-41B9-9233-AC392F0F9860}.Release WINS.Build.0 = Release WINS|Win32
		{82FD0E97-56BC-4167-9E6D-5A75FFF41765}.Debug WINS.ActiveCfg = Debug WINS|Win32
		{82FD0E97-56BC-4167-9E6D-5A75FFF41765}.Debug WINS.Build.0 = Debug WINS|Win32
		{82FD0E97-56BC-4167-9E6D-5A75FFF41765}.Release Armi.ActiveCfg = Release Armi|Win32
		{82FD0E97-56BC-4167-9E6D-5A75FFF41765}.Release Armi.Build.0 = Release Armi|Win32
		{82FD0E97-56BC-4167-9E6D-5A75FFF41765}.Release Thumb.ActiveCfg = Release Thumb|Win32
		{82FD0E97-56BC-4167-9E6D-5A75FFF41765}.Release Thumb.Build.0 = Release Thumb|Win32
		{82FD0E97-56BC-4167-9E6D-5A75FFF41765}.Release WINS.ActiveCfg = Release WINS|Win32
		{82FD0E97-56BC-4167-9E6D-5A75FFF41765}.Release WINS.Build.0 = Release WINS|Win32
		{624CBEAF-6EF8-4B0F-85AD-01284ABC9583}.Debug WINS.ActiveCfg = Debug WINS|Win32
		{624CBEAF-6EF8-4B0F-85AD-01284ABC9583}.Debug WINS.Build.0 = Debug WINS|Win32
		{624CBEAF-6EF8-4B0F-85AD-01284ABC9583}.Release Armi.ActiveCfg = Release Armi|Win32
		{624CBEAF-6EF8-4B0F-85AD-01284ABC9583}.Release Armi.Build.0 = Release Armi|Win32
		{624CBEAF-6EF8-4B0F-85AD-01284ABC9583}.Release Thumb.ActiveCfg = Release Thumb|Win32
		{624CBEAF-6EF8-4B0F-85AD-01284ABC9583}.Release Thumb.Build.0 = Release Thumb|Win32
		{624CBEAF-6EF8-4B0F-85AD-01284ABC9583}.Release WINS.ActiveCfg = Release WINS|Win32
		{624CBEAF-6EF8-4B0F-85AD-01284ABC9583}.Release WINS.Build.0 = Release WINS|Win32
		{D978CCFB-D3A7-4AE3-A702-E8E262870B3E}.Debug WINS.ActiveCfg = Debug WINS|Win32
		{D978CCFB-D3A7-4AE3-A702-E8E262870B3E}.Debug WINS.Build.0 = Debug WINS|Win32
		{D978CCFB-D3A7-4AE3-A702-E8E262870B3E}.Release Armi.ActiveCfg = Release Armi|Win32
		{D978CCFB-D3A7-4AE3-A702-E8E262870B3E}.Release Armi.Build.0 = Release Armi|Win32
		{D978CCFB-D3A7-4AE3-A702-E8E262870B3E}.Release Thumb.ActiveCfg = Release Thumb|Win32
		{D978CCFB-D3A7-4AE3-A702-E8E262870B3E}.Release Thumb.Build.0 = Release Thumb|Win32
		{D978CCFB-D3A7-4AE3-A702-E8E262870B3E}.Release WINS.ActiveCfg = Release WINS|Win32
		{D978CCFB-D3A7-4AE3-A702-E8E262870B3E}.Release WINS.Build.0 = Release WINS|Win32
		{628D9393-7590-41DA-9429-1C381D3C6116}.Debug WINS.ActiveCfg = Debug WINS|Win32
		{628D9393-7590-41DA-9429-1C381D3C6116}.Debug WINS.Build.0 = Debug WINS|Win32
		{628D9393-7590-41DA-9429-1C381D3C6116}.Release Armi.ActiveCfg = Release Armi|Win32
		{628D9393-7590-41DA-9429-1C381D3C6116}.Release Armi.Build.0 = Release Armi|Win32
		{628D9393-7590-41DA-9429-1C381D3C6116}.Release Thumb.ActiveCfg = Release Thumb|Win32
		{628D9393-7590-41DA-9429-1C381D3C6116}.Release Thumb.Build.0 = Release Thumb|Win32
		{628D9393-7590-41DA-9429-1C381D3C6116}.Release WINS.ActiveCfg = Release WINS|Win32
		{628D9393-7590-41DA-9429-1C381D3C6116}.Release WINS.Build.0 = Release WINS|Win32
		{5999456F-CC85-4BC6-A5DD-DD13DC5291A5}.Debug WINS.ActiveCfg = Debug WINS|Win32
		{5999456F-CC85-4BC6-A5DD-DD13DC5291A5}.Debug WINS.Build.0 = Debug WINS|Win32
		{5999456F-CC85-4BC6-A5DD-DD13DC5291A5}.Release Armi.ActiveCfg = Release Armi|Win32
		{5999456F-CC85-4BC6-A5DD-DD13DC5291A5}.Release Armi.Build.0 = Release Armi|Win32
		{5999456F-CC85-4BC6-A5DD-DD13DC5291A5}.Release Thumb.ActiveCfg = Release Thumb|Win32
		{5999456F-CC85-4BC6-A5DD-DD13DC5291A5}.Release Thumb.Build.0 = Release Thumb|Win32
		{5999456F-CC85-4BC6-A5DD-DD13DC5291A5}.Release WINS.ActiveCfg = Release WINS|Win32
		{5999456F-CC85-4BC6-A5DD-DD13DC5291A5}.Release WINS.Build.0 = Release WINS|Win32
		{000C0C0C-AA20-477E-8484-AD987E0AAB1A}.Debug WINS.ActiveCfg = Debug WINS|Win32
		{000C0C0C-AA20-477E-8484-AD987E0AAB1A}.Debug WINS.Build.0 = Debug WINS|Win32
		{000C0C0C-AA20-477E-8484-AD987E0AAB1A}.Release Armi.ActiveCfg = Release Armi|Win32
		{000C0C0C-AA20-477E-8484-AD987E0AAB1A}.Release Armi.Build.0 = Release Armi|Win32
		{000C0C0C-AA20-477E-8484-AD987E0AAB1A}.Release Thumb.ActiveCfg = Release Thumb|Win32
		{000C0C0C-AA20-477E-8484-AD987E0AAB1A}.Release Thumb.Build.0 = Release Thumb|Win32
		{000C0C0C-AA20-477E-8484-AD987E0AAB1A}.Release WINS.ActiveCfg = Release WINS|Win32
		{000C0C0C-AA20-477E-8484-AD987E0AAB1A}.Release WINS.Build.0 = Release WINS|Win32
		{74876B46-F85C-446F-8A07-961D043BF868}.Debug WINS.ActiveCfg = Debug WINS|Win32
		{74876B46-F85C-446F-8A07-961D043BF868}.Debug WINS.Build.0 = Debug WINS|Win32
		{74876B46-F85C-446F-8A07-961D043BF868}.Release Armi.ActiveCfg = Release Armi|Win32
		{74876B46-F85C-446F-8A07-961D043BF868}.Release Armi.Build.0 = Release Armi|Win32
		{74876B46-F85C-446F-8A07-961D043BF868}.Release Thumb.ActiveCfg = Release Thumb|Win32
		{74876B46-F85C-446F-8A07-961D043BF868}.Release Thumb.Build.0 = Release Thumb|Win32
		{74876B46-F85C-446F-8A07-961D043BF868}.Release WINS.ActiveCfg = Release WINS|Win32
		{74876B46-F85C-446F-8A07-961D043BF868}.Release WINS.Build.0 = Release WINS|Win32
		{C0888F84-3CF6-4203-AAD0-6E6AD8C42AA6}.Debug WINS.ActiveCfg = Debug WINS|Win32
		{C0888F84-3CF6-4203-AAD0-6E6AD8C42AA6}.Debug WINS.Build.0 = Debug WINS|Win32
		{C0888F84-3CF6-4203-AAD0-6E6AD8C42AA6}.Release Armi.ActiveCfg = Release Armi|Win32
		{C0888F84-3CF6-4203-AAD0-6E6AD8C42AA6}.Release Armi.Build.0 = Release Armi|Win32
		{C0888F84-3CF6-4203-AAD0-6E6AD8C42AA6}.Release Thumb.ActiveCfg = Release Thumb|Win32
		{C0888F84-3CF6-4203-AAD0-6E6AD8C42AA6}.Release Thumb.Build.0 = Release Thumb|Win32
		{C0888F84-3CF6-4203-AAD0-6E6AD8C42AA6}.Release WINS.ActiveCfg = Release WINS|Win32
		{C0888F84-3CF6-4203-AAD0-6E6AD8C42AA6}.Release WINS.Build.0 = Release WINS|Win32
		{82666103-A0F8-47B7-AF33-793C2D41425B}.Debug WINS.ActiveCfg = Debug WINS|Win32
		{82666103-A0F8-47B7-AF33-793C2D41425B}.Debug WINS.Build.0 = Debug WINS|Win32
		{82666103-A0F8-47B7-AF33-793C2D41425B}.Release Armi.ActiveCfg = Release Armi|Win32
		{82666103-A0F8-47B7-AF33-793C2D41425B}.Release Armi.Build.0 = Release Armi|Win32
		{82666103-A0F8-47B7-AF33-793C2D41425B}.Release Thumb.ActiveCfg = Release Thumb|Win32
		{82666103-A0F8-47B7-AF33-793C2D41425B}.Release Thumb.Build.0 = Release Thumb|Win32
		{82666103-A0F8-47B7-AF33-793C2D41425B}.Release WINS.ActiveCfg = Release WINS|Win32
		{82666103-A0F8-47B7-AF33-793C2D41425B}.Release WINS.Build.0 = Release WINS|Win32
		{B0CF7A4F-F3DB-4D38-AE0C-0EA8FAF5C25C}.Debug WINS.ActiveCfg = Debug WINS|Win32
		{B0CF7A4F-F3DB-4D38-AE0C-0EA8FAF5C25C}.Debug WINS.Build.0 = Debug WINS|Win32
		{B0CF7A4F-F3DB-4D38-AE0C-0EA8FAF5C25C}.Release Armi.ActiveCfg = Release Armi|Win32
		{B0CF7A4F-F3DB-4D38-AE0C-0EA8FAF5C25C}.Release Armi.Build.0 = Release Armi|Win32
		{B0CF7A4F-F3DB-4D38-AE0C-0EA8FAF5C25C}.Release Thumb.ActiveCfg = Release Thumb|Win32
		{B0CF7A4F-F3DB-4D38-AE0C-0EA8FAF5C25C}.Release Thumb.Build.0 = Release Thumb|Win32
		{B0CF7A4F-F3DB-4D38-AE0C-0EA8FAF5C25C}.Release WINS.ActiveCfg = Release WINS|Win32
		{B0CF7A4F-F3DB-4D38-AE0C-0EA8FAF5C25C}.Release WINS.Build.0 = Release WINS|Win32
		{E5EA1F96-7B63-4C1A-91A3-87CC9AD01354}.Debug WINS.ActiveCfg = Debug WINS|Win32
		{E5EA1F96-7B63-4C1A-91A3-87CC9AD01354}.Debug WINS.Build.0 = Debug WINS|Win32
		{E5EA1F96-7B63-4C1A-91A3-87CC9AD01354}.Release Armi.ActiveCfg = Release Armi|Win32
		{E5EA1F96-7B63-4C1A-91A3-87CC9AD01354}.Release Armi.Build.0 = Release Armi|Win32
		{E5EA1F96-7B63-4C1A-91A3-87CC9AD01354}.Release Thumb.ActiveCfg = Release Thumb|Win32
		{E5EA1F96-7B63-4C1A-91A3-87CC9AD01354}.Release Thumb.Build.0 = Release Thumb|Win32
		{E5EA1F96-7B63-4C1A-91A3-87CC9AD01354}.Release WINS.ActiveCfg = Release WINS|Win32
		{E5EA1F96-7B63-4C1A-91A3-87CC9AD01354}.Release WINS.Build.0 = Release WINS|Win32
		{0266B399-A36F-450D-B916-B9C534DFEBF8}.Debug WINS.ActiveCfg = Debug WINS|Win32
		{0266B399-A36F-450D-B916-B9C534DFEBF8}.Debug WINS.Build.0 = Debug WINS|Win32
		{0266B399-A36F-450D-B916-B9C534DFEBF8}.Release Armi.ActiveCfg = Release Armi|Win32
		{0266B399-A36F-450D-B916-B9C534DFEBF8}.Release Armi.Build.0 = Release Armi|Win32
		{0266B399-A36F-450D-B916-B9C534DFEBF8}.Release Thumb.ActiveCfg = Release Thumb|Win32
		{0266B399-A36F-450D-B916-B9C534DFEBF8}.Release Thumb.Build.0 = Release Thumb|Win32
		{0266B399-A36F-450D-B916-B9C534DFEBF8}.Release WINS.ActiveCfg = Release WINS|Win32
		{0266B399-A36F-450D-B916-B9C534DFEBF8}.Release WINS.Build.0 = Release WINS|Win32
		{8C219B68-7093-42BB-8ABC-6B304512E516}.Debug WINS.ActiveCfg = Debug WINS|Win32
		{8C219B68-7093-42BB-8ABC-6B304512E516}.Debug WINS.Build.0 = Debug WINS|Win32
		{8C219B68-7093-42BB-8ABC-6B304512E516}.Release Armi.ActiveCfg = Release Armi|Win32
		{8C219B68-7093-42BB-8ABC-6B304512E516}.Release Armi.Build.0 = Release Armi|Win32
		{8C219B68-7093-42BB-8ABC-6B304512E516}.Release Thumb.ActiveCfg = Release Thumb|Win32
		{8C219B68-7093-42BB-8ABC-6B304512E516}.Release Thumb.Build.0 = Release Thumb|Win32
		{8C219B68-7093-42BB-8ABC-6B304512E516}.Release WINS.ActiveCfg = Release WINS|Win32
		{8C219B68-7093-42BB-8ABC-6B304512E516}.Release WINS.Build.0 = Release WINS|Win32
		{A742FD73-1226-41E5-AFED-D7BFF832273A}.Debug WINS.ActiveCfg = Debug WINS|Win32
		{A742FD73-1226-41E5-AFED-D7BFF832273A}.Debug WINS.Build.0 = Debug WINS|Win32
		{A742FD73-1226-41E5-AFED-D7BFF832273A}.Release Armi.ActiveCfg = Release Armi|Win32
		{A742FD73-1226-41E5-AFED-D7BFF832273A}.Release Armi.Build.0 = Release Armi|Win32
		{A742FD73-1226-41E5-AFED-D7BFF832273A}.Release Thumb.ActiveCfg = Release Thumb|Win32
		{A742FD73-1226-41E5-AFED-D7BFF832273A}.Release Thumb.Build.0 = Release Thumb|Win32
		{A742FD73-1226-41E5-AFED-D7BFF832273A}.Release WINS.ActiveCfg = Release WINS|Win32
		{A742FD73-1226-41E5-AFED-D7BFF832273A}.Release WINS.Build.0 = Release WINS|Win32
		{0E2591FB-0357-40AF-B13A-54847A49DCAD}.Debug WINS.ActiveCfg = Debug WINS|Win32
		{0E2591FB-0357-40AF-B13A-54847A49DCAD}.Debug WINS.Build.0 = Debug WINS|Win32
		{0E2591FB-0357-40AF-B13A-54847A49DCAD}.Release Armi.ActiveCfg = Release Armi|Win32
		{0E2591FB-0357-40AF-B13A-54847A49DCAD}.Release Armi.Build.0 = Release Armi|Win32
		{0E2591FB-0357-40AF-B13A-54847A49DCAD}.Release Thumb.ActiveCfg = Release Thumb|Win32
		{0E2591FB-0357-40AF-B13A-54847A49DCAD}.Release Thumb.Build.0 = Release Thumb|Win32
		{0E2591FB-0357-40AF-B13A-54847A49DCAD}.Release WINS.ActiveCfg = Release WINS|Win32
		{0E2591FB-0357-40AF-B13A-54847A49DCAD}.Release WINS.Build.0 = Release WINS|Win32
		{E9315821-0CA3-4552-9C60-D61197CCB316}.Debug WINS.ActiveCfg = Debug WINS|Win32
		{E9315821-0CA3-4552-9C60-D61197CCB316}.Debug WINS.Build.0 = Debug WINS|Win32
		{E9315821-0CA3-4552-9C60-D61197CCB316}.Release Armi.ActiveCfg = Release Armi|Win32
		{E9315821-0CA3-4552-9C60-D61197CCB316}.Release Armi.Build.0 = Release Armi|Win32
		{E9315821-0CA3-4552-9C60-D61197CCB316}.Release Thumb.ActiveCfg = Release Thumb|Win32
		{E9315821-0CA3-4552-9C60-D61197CCB316}.Release Thumb.Build.0 = Release Thumb|Win32
		{E9315821-0CA3-4552-9C60-D61197CCB316}.Release WINS.ActiveCfg = Release WINS|Win32
		{E9315821-0CA3-4552-9C60-D61197CCB316}.Release WINS.Build.0 = Release WINS|Win32
		{2444AB8B-D712-4156-A95B-6B7F371D372E}.Debug WINS.ActiveCfg = Debug WINS|Win32
		{2444AB8B-D712-4156-A95B-6B7F371D372E}.Debug WINS.Build.0 = Debug WINS|Win32
		{2444AB8B-D712-4156-A95B-6B7F371D372E}.Release Armi.ActiveCfg = Release Armi|Win32
		{2444AB8B-D712-4156-A95B-6B7F371D372E}.Release Armi.Build.0 = Release Armi|Win32
		{2444AB8B-D712-4156-A95B-6B7F371D372E}.Release Thumb.ActiveCfg = Release Thumb|Win32
		{2444AB8B-D712-4156-A95B-6B7F371D372E}.Release Thumb.Build.0 = Release Thumb|Win32
		{2444AB8B-D712-4156-A95B-6B7F371D372E}.Release WINS.ActiveCfg = Release WINS|Win32
		{2444AB8B-D712-4156-A95B-6B7F371D372E}.Release WINS.Build.0 = Release WINS|Win32
		{DF6B8ABD-60D7-4EA1-877D-E486FF52C628}.Debug WINS.ActiveCfg = Debug WINS|Win32
		{DF6B8ABD-60D7-4EA1-877D-E486FF52C628}.Debug WINS.Build.0 = Debug WINS|Win32
		{DF6B8ABD-60D7-4EA1-877D-E486FF52C628}.Release Armi.ActiveCfg = Release Armi|Win32
		{DF6B8ABD-60D7-4EA1-877D-E486FF52C628}.Release Armi.Build.0 = Release Armi|Win32
		{DF6B8ABD-60D7-4EA1-877D-E486FF52C628}.Release Thumb.ActiveCfg = Release Thumb|Win32
		{DF6B8ABD-60D7-4EA1-877D-E486FF52C628}.Release Thumb.Build.0 = Release Thumb|Win32
		{DF6B8ABD-60D7-4EA1-877D-E486FF52C628}.Release WINS.ActiveCfg = Release WINS|Win32
		{DF6B8ABD-60D7-4EA1-877D-E486FF52C628}.Release WINS.Build.0 = Release WINS|Win32
		{9472955E-0E6B-47BA-9A93-5A1E6BC005A9}.Debug WINS.ActiveCfg = Debug WINS|Win32
		{9472955E-0E6B-47BA-9A93-5A1E6BC005A9}.Debug WINS.Build.0 = Debug WINS|Win32
		{9472955E-0E6B-47BA-9A93-5A1E6BC005A9}.Release Armi.ActiveCfg = Release Armi|Win32
		{9472955E-0E6B-47BA-9A93-5A1E6BC005A9}.Release Armi.Build.0 = Release Armi|Win32
		{9472955E-0E6B-47BA-9A93-5A1E6BC005A9}.Release Thumb.ActiveCfg = Release Thumb|Win32
		{9472955E-0E6B-47BA-9A93-5A1E6BC005A9}.Release Thumb.Build.0 = Release Thumb|Win32
		{9472955E-0E6B-47BA-9A93-5A1E6BC005A9}.Release WINS.ActiveCfg = Release WINS|Win32
		{9472955E-0E6B-47BA-9A93-5A1E6BC005A9}.Release WINS.Build.0 = Release WINS|Win32
		{0F69F41E-0973-46FB-B564-F6B9A6003089}.Debug WINS.ActiveCfg = Debug WINS|Win32
		{0F69F41E-0973-46FB-B564-F6B9A6003089}.Debug WINS.Build.0 = Debug WINS|Win32
		{0F69F41E-0973-46FB-B564-F6B9A6003089}.Release Armi.ActiveCfg = Release Armi|Win32
		{0F69F41E-0973-46FB-B564-F6B9A6003089}.Release Armi.Build.0 = Release Armi|Win32
		{0F69F41E-0973-46FB-B564-F6B9A6003089}.Release Thumb.ActiveCfg = Release Thumb|Win32
		{0F69F41E-0973-46FB-B564-F6B9A6003089}.Release Thumb.Build.0 = Release Thumb|Win32
		{0F69F41E-0973-46FB-B564-F6B9A6003089}.Release WINS.ActiveCfg = Release WINS|Win32
		{0F69F41E-0973-46FB-B564-F6B9A6003089}.Release WINS.Build.0 = Release WINS|Win32
		{A3FB3E2A-ED48-492E-9F7F-2BEFB18D80CA}.Debug WINS.ActiveCfg = Debug WINS|Win32
		{A3FB3E2A-ED48-492E-9F7F-2BEFB18D80CA}.Debug WINS.Build.0 = Debug WINS|Win32
		{A3FB3E2A-ED48-492E-9F7F-2BEFB18D80CA}.Release Armi.ActiveCfg = Release Armi|Win32
		{A3FB3E2A-ED48-492E-9F7F-2BEFB18D80CA}.Release Armi.Build.0 = Release Armi|Win32
		{A3FB3E2A-ED48-492E-9F7F-2BEFB18D80CA}.Release Thumb.ActiveCfg = Release Thumb|Win32
		{A3FB3E2A-ED48-492E-9F7F-2BEFB18D80CA}.Release Thumb.Build.0 = Release Thumb|Win32
		{A3FB3E2A-ED48-492E-9F7F-2BEFB18D80CA}.Release WINS.ActiveCfg = Release WINS|Win32
		{A3FB3E2A-ED48-492E-9F7F-2BEFB18D80CA}.Release WINS.Build.0 = Release WINS|Win32
		{2FA826DB-76B8-4132-B2C0-BCBEFCD9D94C}.Debug WINS.ActiveCfg = Debug WINS|Win32
		{2FA826DB-76B8-4132-B2C0-BCBEFCD9D94C}.Debug WINS.Build.0 = Debug WINS|Win32
		{2FA826DB-76B8-4132-B2C0-BCBEFCD9D94C}.Release Armi.ActiveCfg = Release Armi|Win32
		{2FA826DB-76B8-4132-B2C0-BCBEFCD9D94C}.Release Armi.Build.0 = Release Armi|Win32
		{2FA826DB-76B8-4132-B2C0-BCBEFCD9D94C}.Release Thumb.ActiveCfg = Release Thumb|Win32
		{2FA826DB-76B8-4132-B2C0-BCBEFCD9D94C}.Release Thumb.Build.0 = Release Thumb|Win32
		{2FA826DB-76B8-4132-B2C0-BCBEFCD9D94C}.Release WINS.ActiveCfg = Release WINS|Win32
		{2FA826DB-76B8-4132-B2C0-BCBEFCD9D94C}.Release WINS.Build.0 = Release WINS|Win32
		{786B1D66-372A-4ABE-AC82-FB562CE86EF1}.Debug WINS.ActiveCfg = Debug WINS|Win32
		{786B1D66-372A-4ABE-AC82-FB562CE86EF1}.Debug WINS.Build.0 = Debug WINS|Win32
		{786B1D66-372A-4ABE-AC82-FB562CE86EF1}.Release Armi.ActiveCfg = Release Armi|Win32
		{786B1D66-372A-4ABE-AC82-FB562CE86EF1}.Release Armi.Build.0 = Release Armi|Win32
		{786B1D66-372A-4ABE-AC82-FB562CE86EF1}.Release Thumb.ActiveCfg = Release Thumb|Win32
		{786B1D66-372A-4ABE-AC82-FB562CE86EF1}.Release Thumb.Build.0 = Release Thumb|Win32
		{786B1D66-372A-4ABE-AC82-FB562CE86EF1}.Release WINS.ActiveCfg = Release WINS|Win32
		{786B1D66-372A-4ABE-AC82-FB562CE86EF1}.Release WINS.Build.0 = Release WINS|Win32
		{65E1CC9B-815B-47F4-9BF5-5B9BBD8671BB}.Debug WINS.ActiveCfg = Debug WINS|Win32
		{65E1CC9B-815B-47F4-9BF5-5B9BBD8671BB}.Debug WINS.Build.0 = Debug WINS|Win32
		{65E1CC9B-815B-47F4-9BF5-5B9BBD8671BB}.Release Armi.ActiveCfg = Release Armi|Win32
		{65E1CC9B-815B-47F4-9BF5-5B9BBD8671BB}.Release Armi.Build.0 = Release Armi|Win32
		{65E1CC9B-815B-47F4-9BF5-5B9BBD8671BB}.Release Thumb.ActiveCfg = Release Thumb|Win32
		{65E1CC9B-815B-47F4-9BF5-5B9BBD8671BB}.Release Thumb.Build.0 = Release Thumb|Win32
		{65E1CC9B-815B-47F4-9BF5-5B9BBD8671BB}.Release WINS.ActiveCfg = Release WINS|Win32
		{65E1CC9B-815B-47F4-9BF5-5B9BBD8671BB}.Release WINS.Build.0 = Release WINS|Win32
		{F2535AA6-FD79-4CC9-9F6A-671631635AB8}.Debug WINS.ActiveCfg = Debug WINS|Win32
		{F2535AA6-FD79-4CC9-9F6A-671631635AB8}.Debug WINS.Build.0 = Debug WINS|Win32
		{F2535AA6-FD79-4CC9-9F6A-671631635AB8}.Release Armi.ActiveCfg = Release Armi|Win32
		{F2535AA6-FD79-4CC9-9F6A-671631635AB8}.Release Armi.Build.0 = Release Armi|Win32
		{F2535AA6-FD79-4CC9-9F6A-671631635AB8}.Release Thumb.ActiveCfg = Release Thumb|Win32
		{F2535AA6-FD79-4CC9-9F6A-671631635AB8}.Release Thumb.Build.0 = Release Thumb|Win32
		{F2535AA6-FD79-4CC9-9F6A-671631635AB8}.Release WINS.ActiveCfg = Release WINS|Win32
		{F2535AA6-FD79-4CC9-9F6A-671631635AB8}.Release WINS.Build.0 = Release WINS|Win32
		{528C2C75-4F88-4DCB-9FB0-7B1D2E47AC19}.Debug WINS.ActiveCfg = Debug WINS|Win32
		{528C2C75-4F88-4DCB-9FB0-7B1D2E47AC19}.Debug WINS.Build.0 = Debug WINS|Win32
		{528C2C75-4F88-4DCB-9FB0-7B1D2E47AC19}.Release Armi.ActiveCfg = Release Armi|Win32
		{528C2C75-4F88-4DCB-9FB0-7B1D2E47AC19}.Release Armi.Build.0 = Release Armi|Win32
		{528C2C75-4F88-4DCB-9FB0-7B1D2E47AC19}.Release Thumb.ActiveCfg = Release Thumb|Win32
		{528C2C75-4F88-4DCB-9FB0-7B1D2E47AC19}.Release Thumb.Build.0 = Release Thumb|Win32
		{528C2C75-4F88-4DCB-9FB0-7B1D2E47AC19}.Release WINS.ActiveCfg = Release WINS|Win32
		{528C2C75-4F88-4DCB-9FB0-7B1D2E47AC19}.Release WINS.Build.0 = Release WINS|Win32
		{173BD570-C24A-4D6A-B223-5D501B2004AD}.Debug WINS.ActiveCfg = Debug WINS|Win32
		{173BD570-C24A-4D6A-B223-5D501B2004AD}.Debug WINS.Build.0 = Debug WINS|Win32
		{173BD570-C24A-4D6A-B223-5D501B2004AD}.Release Armi.ActiveCfg = Release Armi|Win32
		{173BD570-C24A-4D6A-B223-5D501B2004AD}.Release Armi.Build.0 = Release Armi|Win32
		{173BD570-C24A-4D6A-B223-5D501B2004AD}.Release Thumb.ActiveCfg = Release Thumb|Win32
		{173BD570-C24A-4D6A-B223-5D501B2004AD}.Release Thumb.Build.0 = Release Thumb|Win32
		{173BD570-C24A-4D6A-B223-5D501B2004AD}.Release WINS.ActiveCfg = Release WINS|Win32
		{173BD570-C24A-4D6A-B223-5D501B2004AD}.Release WINS.Build.0 = Release WINS|Win32
		{C28EAB92-A3F3-4482-A0CC-C6F9E4BF984C}.Debug WINS.ActiveCfg = Debug WINS|Win32
		{C28EAB92-A3F3-4482-A0CC-C6F9E4BF984C}.Debug WINS.Build.0 = Debug WINS|Win32
		{C28EAB92-A3F3-4482-A0CC-C6F9E4BF984C}.Release Armi.ActiveCfg = Release Armi|Win32
		{C28EAB92-A3F3-4482-A0CC-C6F9E4BF984C}.Release Armi.Build.0 = Release Armi|Win32
		{C28EAB92-A3F3-4482-A0CC-C6F9E4BF984C}.Release Thumb.ActiveCfg = Release Thumb|Win32
		{C28EAB92-A3F3-4482-A0CC-C6F9E4BF984C}.Release Thumb.Build.0 = Release Thumb|Win32
		{C28EAB92-A3F3-4482-A0CC-C6F9E4BF984C}.Release WINS.ActiveCfg = Release WINS|Win32
		{C28EAB92-A3F3-4482-A0CC-C6F9E4BF984C}.Release WINS.Build.0 = Release WINS|Win32
		{E684F7A4-1C9A-4380-957C-2D53C46EFBE7}.Debug WINS.ActiveCfg = Debug WINS|Win32
		{E684F7A4-1C9A-4380-957C-2D53C46EFBE7}.Debug WINS.Build.0 = Debug WINS|Win32
		{E684F7A4-1C9A-4380-957C-2D53C46EFBE7}.Release Armi.ActiveCfg = Release Armi|Win32
		{E684F7A4-1C9A-4380-957C-2D53C46EFBE7}.Release Armi.Build.0 = Release Armi|Win32
		{E684F7A4-1C9A-4380-957C-2D53C46EFBE7}.Release Thumb.ActiveCfg = Release Thumb|Win32
		{E684F7A4-1C9A-4380-957C-2D53C46EFBE7}.Release Thumb.Build.0 = Release Thumb|Win32
		{E684F7A4-1C9A-4380-957C-2D53C46EFBE7}.Release WINS.ActiveCfg = Release WINS|Win32
		{E684F7A4-1C9A-4380-957C-2D53C46EFBE7}.Release WINS.Build.0 = Release WINS|Win32
	EndGlobalSection
	GlobalSection(ExtensibilityGlobals) = postSolution
	EndGlobalSection
	GlobalSection(ExtensibilityAddIns) = postSolution
	EndGlobalSection
EndGlobal
